{
  "name": "hedera-improvement-proposal",
  "lockfileVersion": 2,
  "requires": true,
  "packages": {
    "": {
      "dependencies": {
        "simple-jekyll-search": "^1.10.0"
      }
    },
    "node_modules/fuzzysearch": {
      "version": "1.0.3",
      "resolved": "https://registry.npmjs.org/fuzzysearch/-/fuzzysearch-1.0.3.tgz",
      "integrity": "sha512-s+kNWQuI3mo9OALw0HJ6YGmMbLqEufCh2nX/zzV5CrICQ/y4AwPxM+6TIiF9ItFCHXFCyM/BfCCmN57NTIJuPg=="
    },
    "node_modules/simple-jekyll-search": {
      "version": "1.10.0",
      "resolved": "https://registry.npmjs.org/simple-jekyll-search/-/simple-jekyll-search-1.10.0.tgz",
      "integrity": "sha512-4SdHfAjEe9mngvj4wt8A7OsF9Rl3+onHY1ruQC+bUnecbNbdvzVcAbL+UH5mE+v2CWgUb95dyZjHhyqUGSa2hA==",
      "dependencies": {
        "fuzzysearch": "^1.0.3"
      }
    }
  },
  "dependencies": {
    "fuzzysearch": {
      "version": "1.0.3",
      "resolved": "https://registry.npmjs.org/fuzzysearch/-/fuzzysearch-1.0.3.tgz",
      "integrity": "sha512-s+kNWQuI3mo9OALw0HJ6YGmMbLqEufCh2nX/zzV5CrICQ/y4AwPxM+6TIiF9ItFCHXFCyM/BfCCmN57NTIJuPg=="
    },
    "simple-jekyll-search": {
      "version": "1.10.0",
      "resolved": "https://registry.npmjs.org/simple-jekyll-search/-/simple-jekyll-search-1.10.0.tgz",
      "integrity": "sha512-4SdHfAjEe9mngvj4wt8A7OsF9Rl3+onHY1ruQC+bUnecbNbdvzVcAbL+UH5mE+v2CWgUb95dyZjHhyqUGSa2hA==",
      "requires": {
        "fuzzysearch": "^1.0.3"
      }
    }
  }
}
